
Microsoft Visual Studio Solution File, Format Version 12.00
# Visual Studio Version 17
VisualStudioVersion = 17.0.32112.339
MinimumVisualStudioVersion = 10.0.40219.1
Project("{FAE04EC0-301F-11D3-BF4B-00C04F79EFBC}") = "WindowsFormsApp3", "WindowsFormsApp3\WindowsFormsApp3.csproj", "{A3FDA4BB-916B-4564-B703-6D0182BCC49A}"
EndProject
Global
	GlobalSection(SolutionConfigurationPlatforms) = preSolution
		Debug|Any CPU = Debug|Any CPU
		Release|Any CPU = Release|Any CPU
	EndGlobalSection
	GlobalSection(ProjectConfigurationPlatforms) = postSolution
		{A3FDA4BB-916B-4564-B703-6D0182BCC49A}.Debug|Any CPU.ActiveCfg = Debug|Any CPU
		{A3FDA4BB-916B-4564-B703-6D0182BCC49A}.Debug|Any CPU.Build.0 = Debug|Any CPU
		{A3FDA4BB-916B-4564-B703-6D0182BCC49A}.Release|Any CPU.ActiveCfg = Release|Any CPU
		{A3FDA4BB-916B-4564-B703-6D0182BCC49A}.Release|Any CPU.Build.0 = Release|Any CPU
	EndGlobalSection
	GlobalSection(SolutionProperties) = preSolution
		HideSolutionNode = FALSE
	EndGlobalSection
	GlobalSection(ExtensibilityGlobals) = postSolution
		SolutionGuid = {1523F569-ECC4-4B78-B283-2138D57DA553}
	EndGlobalSection
EndGlobal
